// !$*UTF8*$!
{
	archiveVersion = 1;
	classes = {
	};
	objectVersion = 77;
	objects = {

/* Begin PBXBuildFile section */
		BBEF6BC02E766CC500391CE2 /* JollibeeTestApp.swift in Sources */ = {isa = PBXBuildFile; fileRef = BBEF6BBF2E766CC500391CE2 /* JollibeeTestApp.swift */; };
/* End PBXBuildFile section */

/* Begin PBXContainerItemProxy section */
		BBEF6B962E75DD4700391CE2 /* PBXContainerItemProxy */ = {
			isa = PBXContainerItemProxy;
			containerPortal = BBEF6B802E75DD4600391CE2 /* Project object */;
			proxyType = 1;
			remoteGlobalIDString = BBEF6B872E75DD4600391CE2;
			remoteInfo = "jollibee-test-app";
		};
		BBEF6BA02E75DD4700391CE2 /* PBXContainerItemProxy */ = {
			isa = PBXContainerItemProxy;
			containerPortal = BBEF6B802E75DD4600391CE2 /* Project object */;
			proxyType = 1;
			remoteGlobalIDString = BBEF6B872E75DD4600391CE2;
			remoteInfo = "jollibee-test-app";
		};
/* End PBXContainerItemProxy section */

/* Begin PBXFileReference section */
		BBEF6B882E75DD4600391CE2 /* jollibee-test-app.app */ = {isa = PBXFileReference; explicitFileType = wrapper.application; includeInIndex = 0; path = "jollibee-test-app.app"; sourceTree = BUILT_PRODUCTS_DIR; };
		BBEF6B952E75DD4700391CE2 /* jollibee-test-appTests.xctest */ = {isa = PBXFileReference; explicitFileType = wrapper.cfbundle; includeInIndex = 0; path = "jollibee-test-appTests.xctest"; sourceTree = BUILT_PRODUCTS_DIR; };
		BBEF6B9F2E75DD4700391CE2 /* jollibee-test-appUITests.xctest */ = {isa = PBXFileReference; explicitFileType = wrapper.cfbundle; includeInIndex = 0; path = "jollibee-test-appUITests.xctest"; sourceTree = BUILT_PRODUCTS_DIR; };
		BBEF6BBF2E766CC500391CE2 /* JollibeeTestApp.swift */ = {isa = PBXFileReference; lastKnownFileType = sourcecode.swift; path = JollibeeTestApp.swift; sourceTree = "<group>"; };
/* End PBXFileReference section */

/* Begin PBXFileSystemSynchronizedRootGroup section */
		BBEF6B8A2E75DD4600391CE2 /* jollibee-test-app */ = {
			isa = PBXFileSystemSynchronizedRootGroup;
			path = "jollibee-test-app";
			sourceTree = "<group>";
		};
		BBEF6B982E75DD4700391CE2 /* jollibee-test-appTests */ = {
			isa = PBXFileSystemSynchronizedRootGroup;
			path = "jollibee-test-appTests";
			sourceTree = "<group>";
		};
		BBEF6BA22E75DD4700391CE2 /* jollibee-test-appUITests */ = {
			isa = PBXFileSystemSynchronizedRootGroup;
			path = "jollibee-test-appUITests";
			sourceTree = "<group>";
		};
/* End PBXFileSystemSynchronizedRootGroup section */

/* Begin PBXFrameworksBuildPhase section */
		BBEF6B852E75DD4600391CE2 /* Frameworks */ = {
			isa = PBXFrameworksBuildPhase;
			buildActionMask = 2147483647;
			files = (
			);
			runOnlyForDeploymentPostprocessing = 0;
		};
		BBEF6B922E75DD4700391CE2 /* Frameworks */ = {
			isa = PBXFrameworksBuildPhase;
			buildActionMask = 2147483647;
			files = (
			);
			runOnlyForDeploymentPostprocessing = 0;
		};
		BBEF6B9C2E75DD4700391CE2 /* Frameworks */ = {
			isa = PBXFrameworksBuildPhase;
			buildActionMask = 2147483647;
			files = (
			);
			runOnlyForDeploymentPostprocessing = 0;
		};
/* End PBXFrameworksBuildPhase section */

/* Begin PBXGroup section */
		BBEF6B7F2E75DD4600391CE2 = {
			isa = PBXGroup;
			children = (
				BBEF6BBF2E766CC500391CE2 /* JollibeeTestApp.swift */,
				BBEF6B8A2E75DD4600391CE2 /* jollibee-test-app */,
				BBEF6B982E75DD4700391CE2 /* jollibee-test-appTests */,
				BBEF6BA22E75DD4700391CE2 /* jollibee-test-appUITests */,
				BBEF6B892E75DD4600391CE2 /* Products */,
			);
			sourceTree = "<group>";
		};
		BBEF6B892E75DD4600391CE2 /* Products */ = {
			isa = PBXGroup;
			children = (
				BBEF6B882E75DD4600391CE2 /* jollibee-test-app.app */,
				BBEF6B952E75DD4700391CE2 /* jollibee-test-appTests.xctest */,
				BBEF6B9F2E75DD4700391CE2 /* jollibee-test-appUITests.xctest */,
			);
			name = Products;
			sourceTree = "<group>";
		};
/* End PBXGroup section */

/* Begin PBXNativeTarget section */
		BBEF6B872E75DD4600391CE2 /* jollibee-test-app */ = {
			isa = PBXNativeTarget;
			buildConfigurationList = BBEF6BA92E75DD4700391CE2 /* Build configuration list for PBXNativeTarget "jollibee-test-app" */;
			buildPhases = (
				BBEF6B842E75DD4600391CE2 /* Sources */,
				BBEF6B852E75DD4600391CE2 /* Frameworks */,
				BBEF6B862E75DD4600391CE2 /* Resources */,
			);
			buildRules = (
			);
			dependencies = (
			);
			fileSystemSynchronizedGroups = (
				BBEF6B8A2E75DD4600391CE2 /* jollibee-test-app */,
			);
			name = "jollibee-test-app";
			packageProductDependencies = (
			);
			productName = "jollibee-test-app";
			productReference = BBEF6B882E75DD4600391CE2 /* jollibee-test-app.app */;
			productType = "com.apple.product-type.application";
		};
		BBEF6B942E75DD4700391CE2 /* jollibee-test-appTests */ = {
			isa = PBXNativeTarget;
			buildConfigurationList = BBEF6BAC2E75DD4700391CE2 /* Build configuration list for PBXNativeTarget "jollibee-test-appTests" */;
			buildPhases = (
				BBEF6B912E75DD4700391CE2 /* Sources */,
				BBEF6B922E75DD4700391CE2 /* Frameworks */,
				BBEF6B932E75DD4700391CE2 /* Resources */,
			);
			buildRules = (
			);
			dependencies = (
				BBEF6B972E75DD4700391CE2 /* PBXTargetDependency */,
			);
			fileSystemSynchronizedGroups = (
				BBEF6B982E75DD4700391CE2 /* jollibee-test-appTests */,
			);
			name = "jollibee-test-appTests";
			packageProductDependencies = (
			);
			productName = "jollibee-test-appTests";
			productReference = BBEF6B952E75DD4700391CE2 /* jollibee-test-appTests.xctest */;
			productType = "com.apple.product-type.bundle.unit-test";
		};
		BBEF6B9E2E75DD4700391CE2 /* jollibee-test-appUITests */ = {
			isa = PBXNativeTarget;
			buildConfigurationList = BBEF6BAF2E75DD4700391CE2 /* Build configuration list for PBXNativeTarget "jollibee-test-appUITests" */;
			buildPhases = (
				BBEF6B9B2E75DD4700391CE2 /* Sources */,
				BBEF6B9C2E75DD4700391CE2 /* Frameworks */,
				BBEF6B9D2E75DD4700391CE2 /* Resources */,
			);
			buildRules = (
			);
			dependencies = (
				BBEF6BA12E75DD4700391CE2 /* PBXTargetDependency */,
			);
			fileSystemSynchronizedGroups = (
				BBEF6BA22E75DD4700391CE2 /* jollibee-test-appUITests */,
			);
			name = "jollibee-test-appUITests";
			packageProductDependencies = (
			);
			productName = "jollibee-test-appUITests";
			productReference = BBEF6B9F2E75DD4700391CE2 /* jollibee-test-appUITests.xctest */;
			productType = "com.apple.product-type.bundle.ui-testing";
		};
/* End PBXNativeTarget section */

/* Begin PBXProject section */
		BBEF6B802E75DD4600391CE2 /* Project object */ = {
			isa = PBXProject;
			attributes = {
				BuildIndependentTargetsInParallel = 1;
				LastSwiftUpdateCheck = 1630;
				LastUpgradeCheck = 1630;
				TargetAttributes = {
					BBEF6B872E75DD4600391CE2 = {
						CreatedOnToolsVersion = 16.3;
					};
					BBEF6B942E75DD4700391CE2 = {
						CreatedOnToolsVersion = 16.3;
						TestTargetID = BBEF6B872E75DD4600391CE2;
					};
					BBEF6B9E2E75DD4700391CE2 = {
						CreatedOnToolsVersion = 16.3;
						TestTargetID = BBEF6B872E75DD4600391CE2;
					};
				};
			};
			buildConfigurationList = BBEF6B832E75DD4600391CE2 /* Build configuration list for PBXProject "jollibee-test-app" */;
			developmentRegion = en;
			hasScannedForEncodings = 0;
			knownRegions = (
				en,
				Base,
			);
			mainGroup = BBEF6B7F2E75DD4600391CE2;
			minimizedProjectReferenceProxies = 1;
			preferredProjectObjectVersion = 77;
			productRefGroup = BBEF6B892E75DD4600391CE2 /* Products */;
			projectDirPath = "";
			projectRoot = "";
			targets = (
				BBEF6B872E75DD4600391CE2 /* jollibee-test-app */,
				BBEF6B942E75DD4700391CE2 /* jollibee-test-appTests */,
				BBEF6B9E2E75DD4700391CE2 /* jollibee-test-appUITests */,
			);
		};
/* End PBXProject section */

/* Begin PBXResourcesBuildPhase section */
		BBEF6B862E75DD4600391CE2 /* Resources */ = {
			isa = PBXResourcesBuildPhase;
			buildActionMask = 2147483647;
			files = (
			);
			runOnlyForDeploymentPostprocessing = 0;
		};
		BBEF6B932E75DD4700391CE2 /* Resources */ = {
			isa = PBXResourcesBuildPhase;
			buildActionMask = 2147483647;
			files = (
			);
			runOnlyForDeploymentPostprocessing = 0;
		};
		BBEF6B9D2E75DD4700391CE2 /* Resources */ = {
			isa = PBXResourcesBuildPhase;
			buildActionMask = 2147483647;
			files = (
			);
			runOnlyForDeploymentPostprocessing = 0;
		};
/* End PBXResourcesBuildPhase section */

/* Begin PBXSourcesBuildPhase section */
		BBEF6B842E75DD4600391CE2 /* Sources */ = {
			isa = PBXSourcesBuildPhase;
			buildActionMask = 2147483647;
			files = (
				BBEF6BC02E766CC500391CE2 /* JollibeeTestApp.swift in Sources */,
			);
			runOnlyForDeploymentPostprocessing = 0;
		};
		BBEF6B912E75DD4700391CE2 /* Sources */ = {
			isa = PBXSourcesBuildPhase;
			buildActionMask = 2147483647;
			files = (
			);
			runOnlyForDeploymentPostprocessing = 0;
		};
		BBEF6B9B2E75DD4700391CE2 /* Sources */ = {
			isa = PBXSourcesBuildPhase;
			buildActionMask = 2147483647;
			files = (
			);
			runOnlyForDeploymentPostprocessing = 0;
		};
/* End PBXSourcesBuildPhase section */

/* Begin PBXTargetDependency section */
		BBEF6B972E75DD4700391CE2 /* PBXTargetDependency */ = {
			isa = PBXTargetDependency;
			target = BBEF6B872E75DD4600391CE2 /* jollibee-test-app */;
			targetProxy = BBEF6B962E75DD4700391CE2 /* PBXContainerItemProxy */;
		};
		BBEF6BA12E75DD4700391CE2 /* PBXTargetDependency */ = {
			isa = PBXTargetDependency;
			target = BBEF6B872E75DD4600391CE2 /* jollibee-test-app */;
			targetProxy = BBEF6BA02E75DD4700391CE2 /* PBXContainerItemProxy */;
		};
/* End PBXTargetDependency section */

/* Begin XCBuildConfiguration section */
		BBEF6BA72E75DD4700391CE2 /* Debug */ = {
			isa = XCBuildConfiguration;
			buildSettings = {
				ALWAYS_SEARCH_USER_PATHS = NO;
				ASSETCATALOG_COMPILER_GENERATE_SWIFT_ASSET_SYMBOL_EXTENSIONS = YES;
				CLANG_ANALYZER_NONNULL = YES;
				CLANG_ANALYZER_NUMBER_OBJECT_CONVERSION = YES_AGGRESSIVE;
				CLANG_CXX_LANGUAGE_STANDARD = "gnu++20";
				CLANG_ENABLE_MODULES = YES;
				CLANG_ENABLE_OBJC_ARC = YES;
				CLANG_ENABLE_OBJC_WEAK = YES;
				CLANG_WARN_BLOCK_CAPTURE_AUTORELEASING = YES;
				CLANG_WARN_BOOL_CONVERSION = YES;
				CLANG_WARN_COMMA = YES;
				CLANG_WARN_CONSTANT_CONVERSION = YES;
				CLANG_WARN_DEPRECATED_OBJC_IMPLEMENTATIONS = YES;
				CLANG_WARN_DIRECT_OBJC_ISA_USAGE = YES_ERROR;
				CLANG_WARN_DOCUMENTATION_COMMENTS = YES;
				CLANG_WARN_EMPTY_BODY = YES;
				CLANG_WARN_ENUM_CONVERSION = YES;
				CLANG_WARN_INFINITE_RECURSION = YES;
				CLANG_WARN_INT_CONVERSION = YES;
				CLANG_WARN_NON_LITERAL_NULL_CONVERSION = YES;
				CLANG_WARN_OBJC_IMPLICIT_RETAIN_SELF = YES;
				CLANG_WARN_OBJC_LITERAL_CONVERSION = YES;
				CLANG_WARN_OBJC_ROOT_CLASS = YES_ERROR;
				CLANG_WARN_QUOTED_INCLUDE_IN_FRAMEWORK_HEADER = YES;
				CLANG_WARN_RANGE_LOOP_ANALYSIS = YES;
				CLANG_WARN_STRICT_PROTOTYPES = YES;
				CLANG_WARN_SUSPICIOUS_MOVE = YES;
				CLANG_WARN_UNGUARDED_AVAILABILITY = YES_AGGRESSIVE;
				CLANG_WARN_UNREACHABLE_CODE = YES;
				CLANG_WARN__DUPLICATE_METHOD_MATCH = YES;
				COPY_PHASE_STRIP = NO;
				DEBUG_INFORMATION_FORMAT = dwarf;
				ENABLE_STRICT_OBJC_MSGSEND = YES;
				ENABLE_TESTABILITY = YES;
				ENABLE_USER_SCRIPT_SANDBOXING = YES;
				GCC_C_LANGUAGE_STANDARD = gnu17;
				GCC_DYNAMIC_NO_PIC = NO;
				GCC_NO_COMMON_BLOCKS = YES;
				GCC_OPTIMIZATION_LEVEL = 0;
				GCC_PREPROCESSOR_DEFINITIONS = (
					"DEBUG=1",
					"$(inherited)",
				);
				GCC_WARN_64_TO_32_BIT_CONVERSION = YES;
				GCC_WARN_ABOUT_RETURN_TYPE = YES_ERROR;
				GCC_WARN_UNDECLARED_SELECTOR = YES;
				GCC_WARN_UNINITIALIZED_AUTOS = YES_AGGRESSIVE;
				GCC_WARN_UNUSED_FUNCTION = YES;
				GCC_WARN_UNUSED_VARIABLE = YES;
				IPHONEOS_DEPLOYMENT_TARGET = 18.4;
				LOCALIZATION_PREFERS_STRING_CATALOGS = YES;
				MTL_ENABLE_DEBUG_INFO = INCLUDE_SOURCE;
				MTL_FAST_MATH = YES;
				ONLY_ACTIVE_ARCH = YES;
				SDKROOT = iphoneos;
				SWIFT_ACTIVE_COMPILATION_CONDITIONS = "DEBUG $(inherited)";
				SWIFT_OPTIMIZATION_LEVEL = "-Onone";
			};
			name = Debug;
		};
		BBEF6BA82E75DD4700391CE2 /* Release */ = {
			isa = XCBuildConfiguration;
			buildSettings = {
				ALWAYS_SEARCH_USER_PATHS = NO;
				ASSETCATALOG_COMPILER_GENERATE_SWIFT_ASSET_SYMBOL_EXTENSIONS = YES;
				CLANG_ANALYZER_NONNULL = YES;
				CLANG_ANALYZER_NUMBER_OBJECT_CONVERSION = YES_AGGRESSIVE;
				CLANG_CXX_LANGUAGE_STANDARD = "gnu++20";
				CLANG_ENABLE_MODULES = YES;
				CLANG_ENABLE_OBJC_ARC = YES;
				CLANG_ENABLE_OBJC_WEAK = YES;
				CLANG_WARN_BLOCK_CAPTURE_AUTORELEASING = YES;
				CLANG_WARN_BOOL_CONVERSION = YES;
				CLANG_WARN_COMMA = YES;
				CLANG_WARN_CONSTANT_CONVERSION = YES;
				CLANG_WARN_DEPRECATED_OBJC_IMPLEMENTATIONS = YES;
				CLANG_WARN_DIRECT_OBJC_ISA_USAGE = YES_ERROR;
				CLANG_WARN_DOCUMENTATION_COMMENTS = YES;
				CLANG_WARN_EMPTY_BODY = YES;
				CLANG_WARN_ENUM_CONVERSION = YES;
				CLANG_WARN_INFINITE_RECURSION = YES;
				CLANG_WARN_INT_CONVERSION = YES;
				CLANG_WARN_NON_LITERAL_NULL_CONVERSION = YES;
				CLANG_WARN_OBJC_IMPLICIT_RETAIN_SELF = YES;
				CLANG_WARN_OBJC_LITERAL_CONVERSION = YES;
				CLANG_WARN_OBJC_ROOT_CLASS = YES_ERROR;
				CLANG_WARN_QUOTED_INCLUDE_IN_FRAMEWORK_HEADER = YES;
				CLANG_WARN_RANGE_LOOP_ANALYSIS = YES;
				CLANG_WARN_STRICT_PROTOTYPES = YES;
				CLANG_WARN_SUSPICIOUS_MOVE = YES;
				CLANG_WARN_UNGUARDED_AVAILABILITY = YES_AGGRESSIVE;
				CLANG_WARN_UNREACHABLE_CODE = YES;
				CLANG_WARN__DUPLICATE_METHOD_MATCH = YES;
				COPY_PHASE_STRIP = NO;
				DEBUG_INFORMATION_FORMAT = "dwarf-with-dsym";
				ENABLE_NS_ASSERTIONS = NO;
				ENABLE_STRICT_OBJC_MSGSEND = YES;
				ENABLE_USER_SCRIPT_SANDBOXING = YES;
				GCC_C_LANGUAGE_STANDARD = gnu17;
				GCC_NO_COMMON_BLOCKS = YES;
				GCC_WARN_64_TO_32_BIT_CONVERSION = YES;
				GCC_WARN_ABOUT_RETURN_TYPE = YES_ERROR;
				GCC_WARN_UNDECLARED_SELECTOR = YES;
				GCC_WARN_UNINITIALIZED_AUTOS = YES_AGGRESSIVE;
				GCC_WARN_UNUSED_FUNCTION = YES;
				GCC_WARN_UNUSED_VARIABLE = YES;
				IPHONEOS_DEPLOYMENT_TARGET = 18.4;
				LOCALIZATION_PREFERS_STRING_CATALOGS = YES;
				MTL_ENABLE_DEBUG_INFO = NO;
				MTL_FAST_MATH = YES;
				SDKROOT = iphoneos;
				SWIFT_COMPILATION_MODE = wholemodule;
				VALIDATE_PRODUCT = YES;
			};
			name = Release;
		};
		BBEF6BAA2E75DD4700391CE2 /* Debug */ = {
			isa = XCBuildConfiguration;
			buildSettings = {
				ASSETCATALOG_COMPILER_APPICON_NAME = AppIcon;
				ASSETCATALOG_COMPILER_GLOBAL_ACCENT_COLOR_NAME = AccentColor;
				CODE_SIGN_STYLE = Automatic;
				CURRENT_PROJECT_VERSION = 1;
				ENABLE_PREVIEWS = YES;
				GENERATE_INFOPLIST_FILE = YES;
				INFOPLIST_KEY_UIApplicationSceneManifest_Generation = YES;
				INFOPLIST_KEY_UIApplicationSupportsIndirectInputEvents = YES;
				INFOPLIST_KEY_UILaunchScreen_Generation = YES;
				INFOPLIST_KEY_UISupportedInterfaceOrientations_iPad = "UIInterfaceOrientationPortrait UIInterfaceOrientationPortraitUpsideDown UIInterfaceOrientationLandscapeLeft UIInterfaceOrientationLandscapeRight";
				INFOPLIST_KEY_UISupportedInterfaceOrientations_iPhone = "UIInterfaceOrientationPortrait UIInterfaceOrientationLandscapeLeft UIInterfaceOrientationLandscapeRight";
				LD_RUNPATH_SEARCH_PATHS = (
					"$(inherited)",
					"@executable_path/Frameworks",
				);
				MARKETING_VERSION = 1.0;
				PRODUCT_BUNDLE_IDENTIFIER = "testcompany.jollibee-test-app";
				PRODUCT_NAME = "$(TARGET_NAME)";
				SWIFT_EMIT_LOC_STRINGS = YES;
				SWIFT_VERSION = 5.0;
				TARGETED_DEVICE_FAMILY = "1,2";
			};
			name = Debug;
		};
		BBEF6BAB2E75DD4700391CE2 /* Release */ = {
			isa = XCBuildConfiguration;
			buildSettings = {
				ASSETCATALOG_COMPILER_APPICON_NAME = AppIcon;
				ASSETCATALOG_COMPILER_GLOBAL_ACCENT_COLOR_NAME = AccentColor;
				CODE_SIGN_STYLE = Automatic;
				CURRENT_PROJECT_VERSION = 1;
				ENABLE_PREVIEWS = YES;
				GENERATE_INFOPLIST_FILE = YES;
				INFOPLIST_KEY_UIApplicationSceneManifest_Generation = YES;
				INFOPLIST_KEY_UIApplicationSupportsIndirectInputEvents = YES;
				INFOPLIST_KEY_UILaunchScreen_Generation = YES;
				INFOPLIST_KEY_UISupportedInterfaceOrientations_iPad = "UIInterfaceOrientationPortrait UIInterfaceOrientationPortraitUpsideDown UIInterfaceOrientationLandscapeLeft UIInterfaceOrientationLandscapeRight";
				INFOPLIST_KEY_UISupportedInterfaceOrientations_iPhone = "UIInterfaceOrientationPortrait UIInterfaceOrientationLandscapeLeft UIInterfaceOrientationLandscapeRight";
				LD_RUNPATH_SEARCH_PATHS = (
					"$(inherited)",
					"@executable_path/Frameworks",
				);
				MARKETING_VERSION = 1.0;
				PRODUCT_BUNDLE_IDENTIFIER = "testcompany.jollibee-test-app";
				PRODUCT_NAME = "$(TARGET_NAME)";
				SWIFT_EMIT_LOC_STRINGS = YES;
				SWIFT_VERSION = 5.0;
				TARGETED_DEVICE_FAMILY = "1,2";
			};
			name = Release;
		};
		BBEF6BAD2E75DD4700391CE2 /* Debug */ = {
			isa = XCBuildConfiguration;
			buildSettings = {
				BUNDLE_LOADER = "$(TEST_HOST)";
				CODE_SIGN_STYLE = Automatic;
				CURRENT_PROJECT_VERSION = 1;
				GENERATE_INFOPLIST_FILE = YES;
				IPHONEOS_DEPLOYMENT_TARGET = 18.4;
				MARKETING_VERSION = 1.0;
				PRODUCT_BUNDLE_IDENTIFIER = "testcompany.jollibee-test-appTests";
				PRODUCT_NAME = "$(TARGET_NAME)";
				SWIFT_EMIT_LOC_STRINGS = NO;
				SWIFT_VERSION = 5.0;
				TARGETED_DEVICE_FAMILY = "1,2";
				TEST_HOST = "$(BUILT_PRODUCTS_DIR)/jollibee-test-app.app/$(BUNDLE_EXECUTABLE_FOLDER_PATH)/jollibee-test-app";
			};
			name = Debug;
		};
		BBEF6BAE2E75DD4700391CE2 /* Release */ = {
			isa = XCBuildConfiguration;
			buildSettings = {
				BUNDLE_LOADER = "$(TEST_HOST)";
				CODE_SIGN_STYLE = Automatic;
				CURRENT_PROJECT_VERSION = 1;
				GENERATE_INFOPLIST_FILE = YES;
				IPHONEOS_DEPLOYMENT_TARGET = 18.4;
				MARKETING_VERSION = 1.0;
				PRODUCT_BUNDLE_IDENTIFIER = "testcompany.jollibee-test-appTests";
				PRODUCT_NAME = "$(TARGET_NAME)";
				SWIFT_EMIT_LOC_STRINGS = NO;
				SWIFT_VERSION = 5.0;
				TARGETED_DEVICE_FAMILY = "1,2";
				TEST_HOST = "$(BUILT_PRODUCTS_DIR)/jollibee-test-app.app/$(BUNDLE_EXECUTABLE_FOLDER_PATH)/jollibee-test-app";
			};
			name = Release;
		};
		BBEF6BB02E75DD4700391CE2 /* Debug */ = {
			isa = XCBuildConfiguration;
			buildSettings = {
				CODE_SIGN_STYLE = Automatic;
				CURRENT_PROJECT_VERSION = 1;
				GENERATE_INFOPLIST_FILE = YES;
				MARKETING_VERSION = 1.0;
				PRODUCT_BUNDLE_IDENTIFIER = "testcompany.jollibee-test-appUITests";
				PRODUCT_NAME = "$(TARGET_NAME)";
				SWIFT_EMIT_LOC_STRINGS = NO;
				SWIFT_VERSION = 5.0;
				TARGETED_DEVICE_FAMILY = "1,2";
				TEST_TARGET_NAME = "jollibee-test-app";
			};
			name = Debug;
		};
		BBEF6BB12E75DD4700391CE2 /* Release */ = {
			isa = XCBuildConfiguration;
			buildSettings = {
				CODE_SIGN_STYLE = Automatic;
				CURRENT_PROJECT_VERSION = 1;
				GENERATE_INFOPLIST_FILE = YES;
				MARKETING_VERSION = 1.0;
				PRODUCT_BUNDLE_IDENTIFIER = "testcompany.jollibee-test-appUITests";
				PRODUCT_NAME = "$(TARGET_NAME)";
				SWIFT_EMIT_LOC_STRINGS = NO;
				SWIFT_VERSION = 5.0;
				TARGETED_DEVICE_FAMILY = "1,2";
				TEST_TARGET_NAME = "jollibee-test-app";
			};
			name = Release;
		};
/* End XCBuildConfiguration section */

/* Begin XCConfigurationList section */
		BBEF6B832E75DD4600391CE2 /* Build configuration list for PBXProject "jollibee-test-app" */ = {
			isa = XCConfigurationList;
			buildConfigurations = (
				BBEF6BA72E75DD4700391CE2 /* Debug */,
				BBEF6BA82E75DD4700391CE2 /* Release */,
			);
			defaultConfigurationIsVisible = 0;
			defaultConfigurationName = Release;
		};
		BBEF6BA92E75DD4700391CE2 /* Build configuration list for PBXNativeTarget "jollibee-test-app" */ = {
			isa = XCConfigurationList;
			buildConfigurations = (
				BBEF6BAA2E75DD4700391CE2 /* Debug */,
				BBEF6BAB2E75DD4700391CE2 /* Release */,
			);
			defaultConfigurationIsVisible = 0;
			defaultConfigurationName = Release;
		};
		BBEF6BAC2E75DD4700391CE2 /* Build configuration list for PBXNativeTarget "jollibee-test-appTests" */ = {
			isa = XCConfigurationList;
			buildConfigurations = (
				BBEF6BAD2E75DD4700391CE2 /* Debug */,
				BBEF6BAE2E75DD4700391CE2 /* Release */,
			);
			defaultConfigurationIsVisible = 0;
			defaultConfigurationName = Release;
		};
		BBEF6BAF2E75DD4700391CE2 /* Build configuration list for PBXNativeTarget "jollibee-test-appUITests" */ = {
			isa = XCConfigurationList;
			buildConfigurations = (
				BBEF6BB02E75DD4700391CE2 /* Debug */,
				BBEF6BB12E75DD4700391CE2 /* Release */,
			);
			defaultConfigurationIsVisible = 0;
			defaultConfigurationName = Release;
		};
/* End XCConfigurationList section */
	};
	rootObject = BBEF6B802E75DD4600391CE2 /* Project object */;
}
